// !$*UTF8*$!
{
	archiveVersion = 1;
	classes = {
	};
	objectVersion = 77;
	objects = {

/* Begin PBXContainerItemProxy section */
		66CAB64D2DB1B7B20044537F /* PBXContainerItemProxy */ = {
			isa = PBXContainerItemProxy;
			containerPortal = 66CAB6372DB1B7B10044537F /* Project object */;
			proxyType = 1;
			remoteGlobalIDString = 66CAB63E2DB1B7B10044537F;
			remoteInfo = TiagoTT;
		};
		66CAB6572DB1B7B20044537F /* PBXContainerItemProxy */ = {
			isa = PBXContainerItemProxy;
			containerPortal = 66CAB6372DB1B7B10044537F /* Project object */;
			proxyType = 1;
			remoteGlobalIDString = 66CAB63E2DB1B7B10044537F;
			remoteInfo = TiagoTT;
		};
/* End PBXContainerItemProxy section */

/* Begin PBXFileReference section */
		66CAB63F2DB1B7B10044537F /* TiagoTT.app */ = {isa = PBXFileReference; explicitFileType = wrapper.application; includeInIndex = 0; path = TiagoTT.app; sourceTree = BUILT_PRODUCTS_DIR; };
		66CAB64C2DB1B7B20044537F /* TiagoTTTests.xctest */ = {isa = PBXFileReference; explicitFileType = wrapper.cfbundle; includeInIndex = 0; path = TiagoTTTests.xctest; sourceTree = BUILT_PRODUCTS_DIR; };
		66CAB6562DB1B7B20044537F /* TiagoTTUITests.xctest */ = {isa = PBXFileReference; explicitFileType = wrapper.cfbundle; includeInIndex = 0; path = TiagoTTUITests.xctest; sourceTree = BUILT_PRODUCTS_DIR; };
/* End PBXFileReference section */

/* Begin PBXFileSystemSynchronizedBuildFileExceptionSet section */
		6685854F2DB7E8B8007BB75F /* Exceptions for "TiagoTT" folder in "TiagoTT" target */ = {
			isa = PBXFileSystemSynchronizedBuildFileExceptionSet;
			membershipExceptions = (
				Info.plist,
			);
			target = 66CAB63E2DB1B7B10044537F /* TiagoTT */;
		};
/* End PBXFileSystemSynchronizedBuildFileExceptionSet section */

/* Begin PBXFileSystemSynchronizedRootGroup section */
		66CAB6412DB1B7B10044537F /* TiagoTT */ = {
			isa = PBXFileSystemSynchronizedRootGroup;
			exceptions = (
				6685854F2DB7E8B8007BB75F /* Exceptions for "TiagoTT" folder in "TiagoTT" target */,
			);
			path = TiagoTT;
			sourceTree = "<group>";
		};
		66CAB64F2DB1B7B20044537F /* TiagoTTTests */ = {
			isa = PBXFileSystemSynchronizedRootGroup;
			path = TiagoTTTests;
			sourceTree = "<group>";
		};
		66CAB6592DB1B7B20044537F /* TiagoTTUITests */ = {
			isa = PBXFileSystemSynchronizedRootGroup;
			path = TiagoTTUITests;
			sourceTree = "<group>";
		};
/* End PBXFileSystemSynchronizedRootGroup section */

/* Begin PBXFrameworksBuildPhase section */
		66CAB63C2DB1B7B10044537F /* Frameworks */ = {
			isa = PBXFrameworksBuildPhase;
			buildActionMask = 2147483647;
			files = (
			);
			runOnlyForDeploymentPostprocessing = 0;
		};
		66CAB6492DB1B7B20044537F /* Frameworks */ = {
			isa = PBXFrameworksBuildPhase;
			buildActionMask = 2147483647;
			files = (
			);
			runOnlyForDeploymentPostprocessing = 0;
		};
		66CAB6532DB1B7B20044537F /* Frameworks */ = {
			isa = PBXFrameworksBuildPhase;
			buildActionMask = 2147483647;
			files = (
			);
			runOnlyForDeploymentPostprocessing = 0;
		};
/* End PBXFrameworksBuildPhase section */

/* Begin PBXGroup section */
		66CAB6362DB1B7B10044537F = {
			isa = PBXGroup;
			children = (
				66CAB6412DB1B7B10044537F /* TiagoTT */,
				66CAB64F2DB1B7B20044537F /* TiagoTTTests */,
				66CAB6592DB1B7B20044537F /* TiagoTTUITests */,
				66CAB6402DB1B7B10044537F /* Products */,
			);
			sourceTree = "<group>";
		};
		66CAB6402DB1B7B10044537F /* Products */ = {
			isa = PBXGroup;
			children = (
				66CAB63F2DB1B7B10044537F /* TiagoTT.app */,
				66CAB64C2DB1B7B20044537F /* TiagoTTTests.xctest */,
				66CAB6562DB1B7B20044537F /* TiagoTTUITests.xctest */,
			);
			name = Products;
			sourceTree = "<group>";
		};
/* End PBXGroup section */

/* Begin PBXNativeTarget section */
		66CAB63E2DB1B7B10044537F /* TiagoTT */ = {
			isa = PBXNativeTarget;
			buildConfigurationList = 66CAB6602DB1B7B20044537F /* Build configuration list for PBXNativeTarget "TiagoTT" */;
			buildPhases = (
				66CAB63B2DB1B7B10044537F /* Sources */,
				66CAB63C2DB1B7B10044537F /* Frameworks */,
				66CAB63D2DB1B7B10044537F /* Resources */,
			);
			buildRules = (
			);
			dependencies = (
			);
			fileSystemSynchronizedGroups = (
				66CAB6412DB1B7B10044537F /* TiagoTT */,
			);
			name = TiagoTT;
			packageProductDependencies = (
			);
			productName = TiagoTT;
			productReference = 66CAB63F2DB1B7B10044537F /* TiagoTT.app */;
			productType = "com.apple.product-type.application";
		};
		66CAB64B2DB1B7B20044537F /* TiagoTTTests */ = {
			isa = PBXNativeTarget;
			buildConfigurationList = 66CAB6632DB1B7B20044537F /* Build configuration list for PBXNativeTarget "TiagoTTTests" */;
			buildPhases = (
				66CAB6482DB1B7B20044537F /* Sources */,
				66CAB6492DB1B7B20044537F /* Frameworks */,
				66CAB64A2DB1B7B20044537F /* Resources */,
			);
			buildRules = (
			);
			dependencies = (
				66CAB64E2DB1B7B20044537F /* PBXTargetDependency */,
			);
			fileSystemSynchronizedGroups = (
				66CAB64F2DB1B7B20044537F /* TiagoTTTests */,
			);
			name = TiagoTTTests;
			packageProductDependencies = (
			);
			productName = TiagoTTTests;
			productReference = 66CAB64C2DB1B7B20044537F /* TiagoTTTests.xctest */;
			productType = "com.apple.product-type.bundle.unit-test";
		};
		66CAB6552DB1B7B20044537F /* TiagoTTUITests */ = {
			isa = PBXNativeTarget;
			buildConfigurationList = 66CAB6662DB1B7B20044537F /* Build configuration list for PBXNativeTarget "TiagoTTUITests" */;
			buildPhases = (
				66CAB6522DB1B7B20044537F /* Sources */,
				66CAB6532DB1B7B20044537F /* Frameworks */,
				66CAB6542DB1B7B20044537F /* Resources */,
			);
			buildRules = (
			);
			dependencies = (
				66CAB6582DB1B7B20044537F /* PBXTargetDependency */,
			);
			fileSystemSynchronizedGroups = (
				66CAB6592DB1B7B20044537F /* TiagoTTUITests */,
			);
			name = TiagoTTUITests;
			packageProductDependencies = (
			);
			productName = TiagoTTUITests;
			productReference = 66CAB6562DB1B7B20044537F /* TiagoTTUITests.xctest */;
			productType = "com.apple.product-type.bundle.ui-testing";
		};
/* End PBXNativeTarget section */

/* Begin PBXProject section */
		66CAB6372DB1B7B10044537F /* Project object */ = {
			isa = PBXProject;
			attributes = {
				BuildIndependentTargetsInParallel = 1;
				LastSwiftUpdateCheck = 1630;
				LastUpgradeCheck = 1630;
				TargetAttributes = {
					66CAB63E2DB1B7B10044537F = {
						CreatedOnToolsVersion = 16.3;
					};
					66CAB64B2DB1B7B20044537F = {
						CreatedOnToolsVersion = 16.3;
						TestTargetID = 66CAB63E2DB1B7B10044537F;
					};
					66CAB6552DB1B7B20044537F = {
						CreatedOnToolsVersion = 16.3;
						TestTargetID = 66CAB63E2DB1B7B10044537F;
					};
				};
			};
			buildConfigurationList = 66CAB63A2DB1B7B10044537F /* Build configuration list for PBXProject "TiagoTT" */;
			developmentRegion = en;
			hasScannedForEncodings = 0;
			knownRegions = (
				en,
				Base,
			);
			mainGroup = 66CAB6362DB1B7B10044537F;
			minimizedProjectReferenceProxies = 1;
			preferredProjectObjectVersion = 77;
			productRefGroup = 66CAB6402DB1B7B10044537F /* Products */;
			projectDirPath = "";
			projectRoot = "";
			targets = (
				66CAB63E2DB1B7B10044537F /* TiagoTT */,
				66CAB64B2DB1B7B20044537F /* TiagoTTTests */,
				66CAB6552DB1B7B20044537F /* TiagoTTUITests */,
			);
		};
/* End PBXProject section */

/* Begin PBXResourcesBuildPhase section */
		66CAB63D2DB1B7B10044537F /* Resources */ = {
			isa = PBXResourcesBuildPhase;
			buildActionMask = 2147483647;
			files = (
			);
			runOnlyForDeploymentPostprocessing = 0;
		};
		66CAB64A2DB1B7B20044537F /* Resources */ = {
			isa = PBXResourcesBuildPhase;
			buildActionMask = 2147483647;
			files = (
			);
			runOnlyForDeploymentPostprocessing = 0;
		};
		66CAB6542DB1B7B20044537F /* Resources */ = {
			isa = PBXResourcesBuildPhase;
			buildActionMask = 2147483647;
			files = (
			);
			runOnlyForDeploymentPostprocessing = 0;
		};
/* End PBXResourcesBuildPhase section */

/* Begin PBXSourcesBuildPhase section */
		66CAB63B2DB1B7B10044537F /* Sources */ = {
			isa = PBXSourcesBuildPhase;
			buildActionMask = 2147483647;
			files = (
			);
			runOnlyForDeploymentPostprocessing = 0;
		};
		66CAB6482DB1B7B20044537F /* Sources */ = {
			isa = PBXSourcesBuildPhase;
			buildActionMask = 2147483647;
			files = (
			);
			runOnlyForDeploymentPostprocessing = 0;
		};
		66CAB6522DB1B7B20044537F /* Sources */ = {
			isa = PBXSourcesBuildPhase;
			buildActionMask = 2147483647;
			files = (
			);
			runOnlyForDeploymentPostprocessing = 0;
		};
/* End PBXSourcesBuildPhase section */

/* Begin PBXTargetDependency section */
		66CAB64E2DB1B7B20044537F /* PBXTargetDependency */ = {
			isa = PBXTargetDependency;
			target = 66CAB63E2DB1B7B10044537F /* TiagoTT */;
			targetProxy = 66CAB64D2DB1B7B20044537F /* PBXContainerItemProxy */;
		};
		66CAB6582DB1B7B20044537F /* PBXTargetDependency */ = {
			isa = PBXTargetDependency;
			target = 66CAB63E2DB1B7B10044537F /* TiagoTT */;
			targetProxy = 66CAB6572DB1B7B20044537F /* PBXContainerItemProxy */;
		};
/* End PBXTargetDependency section */

/* Begin XCBuildConfiguration section */
		66CAB65E2DB1B7B20044537F /* Debug */ = {
			isa = XCBuildConfiguration;
			buildSettings = {
				ALWAYS_SEARCH_USER_PATHS = NO;
				ASSETCATALOG_COMPILER_GENERATE_SWIFT_ASSET_SYMBOL_EXTENSIONS = YES;
				CLANG_ANALYZER_NONNULL = YES;
				CLANG_ANALYZER_NUMBER_OBJECT_CONVERSION = YES_AGGRESSIVE;
				CLANG_CXX_LANGUAGE_STANDARD = "gnu++20";
				CLANG_ENABLE_MODULES = YES;
				CLANG_ENABLE_OBJC_ARC = YES;
				CLANG_ENABLE_OBJC_WEAK = YES;
				CLANG_WARN_BLOCK_CAPTURE_AUTORELEASING = YES;
				CLANG_WARN_BOOL_CONVERSION = YES;
				CLANG_WARN_COMMA = YES;
				CLANG_WARN_CONSTANT_CONVERSION = YES;
				CLANG_WARN_DEPRECATED_OBJC_IMPLEMENTATIONS = YES;
				CLANG_WARN_DIRECT_OBJC_ISA_USAGE = YES_ERROR;
				CLANG_WARN_DOCUMENTATION_COMMENTS = YES;
				CLANG_WARN_EMPTY_BODY = YES;
				CLANG_WARN_ENUM_CONVERSION = YES;
				CLANG_WARN_INFINITE_RECURSION = YES;
				CLANG_WARN_INT_CONVERSION = YES;
				CLANG_WARN_NON_LITERAL_NULL_CONVERSION = YES;
				CLANG_WARN_OBJC_IMPLICIT_RETAIN_SELF = YES;
				CLANG_WARN_OBJC_LITERAL_CONVERSION = YES;
				CLANG_WARN_OBJC_ROOT_CLASS = YES_ERROR;
				CLANG_WARN_QUOTED_INCLUDE_IN_FRAMEWORK_HEADER = YES;
				CLANG_WARN_RANGE_LOOP_ANALYSIS = YES;
				CLANG_WARN_STRICT_PROTOTYPES = YES;
				CLANG_WARN_SUSPICIOUS_MOVE = YES;
				CLANG_WARN_UNGUARDED_AVAILABILITY = YES_AGGRESSIVE;
				CLANG_WARN_UNREACHABLE_CODE = YES;
				CLANG_WARN__DUPLICATE_METHOD_MATCH = YES;
				COPY_PHASE_STRIP = NO;
				DEBUG_INFORMATION_FORMAT = dwarf;
				ENABLE_STRICT_OBJC_MSGSEND = YES;
				ENABLE_TESTABILITY = YES;
				ENABLE_USER_SCRIPT_SANDBOXING = YES;
				GCC_C_LANGUAGE_STANDARD = gnu17;
				GCC_DYNAMIC_NO_PIC = NO;
				GCC_NO_COMMON_BLOCKS = YES;
				GCC_OPTIMIZATION_LEVEL = 0;
				GCC_PREPROCESSOR_DEFINITIONS = (
					"DEBUG=1",
					"$(inherited)",
				);
				GCC_WARN_64_TO_32_BIT_CONVERSION = YES;
				GCC_WARN_ABOUT_RETURN_TYPE = YES_ERROR;
				GCC_WARN_UNDECLARED_SELECTOR = YES;
				GCC_WARN_UNINITIALIZED_AUTOS = YES_AGGRESSIVE;
				GCC_WARN_UNUSED_FUNCTION = YES;
				GCC_WARN_UNUSED_VARIABLE = YES;
				IPHONEOS_DEPLOYMENT_TARGET = 18.4;
				LOCALIZATION_PREFERS_STRING_CATALOGS = YES;
				MTL_ENABLE_DEBUG_INFO = INCLUDE_SOURCE;
				MTL_FAST_MATH = YES;
				ONLY_ACTIVE_ARCH = YES;
				SDKROOT = iphoneos;
				SWIFT_ACTIVE_COMPILATION_CONDITIONS = "DEBUG $(inherited)";
				SWIFT_OPTIMIZATION_LEVEL = "-Onone";
			};
			name = Debug;
		};
		66CAB65F2DB1B7B20044537F /* Release */ = {
			isa = XCBuildConfiguration;
			buildSettings = {
				ALWAYS_SEARCH_USER_PATHS = NO;
				ASSETCATALOG_COMPILER_GENERATE_SWIFT_ASSET_SYMBOL_EXTENSIONS = YES;
				CLANG_ANALYZER_NONNULL = YES;
				CLANG_ANALYZER_NUMBER_OBJECT_CONVERSION = YES_AGGRESSIVE;
				CLANG_CXX_LANGUAGE_STANDARD = "gnu++20";
				CLANG_ENABLE_MODULES = YES;
				CLANG_ENABLE_OBJC_ARC = YES;
				CLANG_ENABLE_OBJC_WEAK = YES;
				CLANG_WARN_BLOCK_CAPTURE_AUTORELEASING = YES;
				CLANG_WARN_BOOL_CONVERSION = YES;
				CLANG_WARN_COMMA = YES;
				CLANG_WARN_CONSTANT_CONVERSION = YES;
				CLANG_WARN_DEPRECATED_OBJC_IMPLEMENTATIONS = YES;
				CLANG_WARN_DIRECT_OBJC_ISA_USAGE = YES_ERROR;
				CLANG_WARN_DOCUMENTATION_COMMENTS = YES;
				CLANG_WARN_EMPTY_BODY = YES;
				CLANG_WARN_ENUM_CONVERSION = YES;
				CLANG_WARN_INFINITE_RECURSION = YES;
				CLANG_WARN_INT_CONVERSION = YES;
				CLANG_WARN_NON_LITERAL_NULL_CONVERSION = YES;
				CLANG_WARN_OBJC_IMPLICIT_RETAIN_SELF = YES;
				CLANG_WARN_OBJC_LITERAL_CONVERSION = YES;
				CLANG_WARN_OBJC_ROOT_CLASS = YES_ERROR;
				CLANG_WARN_QUOTED_INCLUDE_IN_FRAMEWORK_HEADER = YES;
				CLANG_WARN_RANGE_LOOP_ANALYSIS = YES;
				CLANG_WARN_STRICT_PROTOTYPES = YES;
				CLANG_WARN_SUSPICIOUS_MOVE = YES;
				CLANG_WARN_UNGUARDED_AVAILABILITY = YES_AGGRESSIVE;
				CLANG_WARN_UNREACHABLE_CODE = YES;
				CLANG_WARN__DUPLICATE_METHOD_MATCH = YES;
				COPY_PHASE_STRIP = NO;
				DEBUG_INFORMATION_FORMAT = "dwarf-with-dsym";
				ENABLE_NS_ASSERTIONS = NO;
				ENABLE_STRICT_OBJC_MSGSEND = YES;
				ENABLE_USER_SCRIPT_SANDBOXING = YES;
				GCC_C_LANGUAGE_STANDARD = gnu17;
				GCC_NO_COMMON_BLOCKS = YES;
				GCC_WARN_64_TO_32_BIT_CONVERSION = YES;
				GCC_WARN_ABOUT_RETURN_TYPE = YES_ERROR;
				GCC_WARN_UNDECLARED_SELECTOR = YES;
				GCC_WARN_UNINITIALIZED_AUTOS = YES_AGGRESSIVE;
				GCC_WARN_UNUSED_FUNCTION = YES;
				GCC_WARN_UNUSED_VARIABLE = YES;
				IPHONEOS_DEPLOYMENT_TARGET = 18.4;
				LOCALIZATION_PREFERS_STRING_CATALOGS = YES;
				MTL_ENABLE_DEBUG_INFO = NO;
				MTL_FAST_MATH = YES;
				SDKROOT = iphoneos;
				SWIFT_COMPILATION_MODE = wholemodule;
				VALIDATE_PRODUCT = YES;
			};
			name = Release;
		};
		66CAB6612DB1B7B20044537F /* Debug */ = {
			isa = XCBuildConfiguration;
			buildSettings = {
				ASSETCATALOG_COMPILER_APPICON_NAME = AppIcon;
				ASSETCATALOG_COMPILER_GLOBAL_ACCENT_COLOR_NAME = AccentColor;
				CODE_SIGN_STYLE = Automatic;
				CURRENT_PROJECT_VERSION = 1;
				ENABLE_PREVIEWS = YES;
				GENERATE_INFOPLIST_FILE = YES;
				INFOPLIST_FILE = TiagoTT/Info.plist;
				INFOPLIST_KEY_UIApplicationSceneManifest_Generation = YES;
				INFOPLIST_KEY_UIApplicationSupportsIndirectInputEvents = YES;
				INFOPLIST_KEY_UILaunchScreen_Generation = YES;
				INFOPLIST_KEY_UISupportedInterfaceOrientations_iPad = "UIInterfaceOrientationPortrait UIInterfaceOrientationPortraitUpsideDown UIInterfaceOrientationLandscapeLeft UIInterfaceOrientationLandscapeRight";
				INFOPLIST_KEY_UISupportedInterfaceOrientations_iPhone = "UIInterfaceOrientationPortrait UIInterfaceOrientationLandscapeLeft UIInterfaceOrientationLandscapeRight";
				LD_RUNPATH_SEARCH_PATHS = (
					"$(inherited)",
					"@executable_path/Frameworks",
				);
				MARKETING_VERSION = 1.0;
				PRODUCT_BUNDLE_IDENTIFIER = "Tiago-Camargo.TiagoTT";
				PRODUCT_NAME = "$(TARGET_NAME)";
				SWIFT_EMIT_LOC_STRINGS = YES;
				SWIFT_VERSION = 5.0;
				TARGETED_DEVICE_FAMILY = "1,2";
			};
			name = Debug;
		};
		66CAB6622DB1B7B20044537F /* Release */ = {
			isa = XCBuildConfiguration;
			buildSettings = {
				ASSETCATALOG_COMPILER_APPICON_NAME = AppIcon;
				ASSETCATALOG_COMPILER_GLOBAL_ACCENT_COLOR_NAME = AccentColor;
				CODE_SIGN_STYLE = Automatic;
				CURRENT_PROJECT_VERSION = 1;
				ENABLE_PREVIEWS = YES;
				GENERATE_INFOPLIST_FILE = YES;
				INFOPLIST_FILE = TiagoTT/Info.plist;
				INFOPLIST_KEY_UIApplicationSceneManifest_Generation = YES;
				INFOPLIST_KEY_UIApplicationSupportsIndirectInputEvents = YES;
				INFOPLIST_KEY_UILaunchScreen_Generation = YES;
				INFOPLIST_KEY_UISupportedInterfaceOrientations_iPad = "UIInterfaceOrientationPortrait UIInterfaceOrientationPortraitUpsideDown UIInterfaceOrientationLandscapeLeft UIInterfaceOrientationLandscapeRight";
				INFOPLIST_KEY_UISupportedInterfaceOrientations_iPhone = "UIInterfaceOrientationPortrait UIInterfaceOrientationLandscapeLeft UIInterfaceOrientationLandscapeRight";
				LD_RUNPATH_SEARCH_PATHS = (
					"$(inherited)",
					"@executable_path/Frameworks",
				);
				MARKETING_VERSION = 1.0;
				PRODUCT_BUNDLE_IDENTIFIER = "Tiago-Camargo.TiagoTT";
				PRODUCT_NAME = "$(TARGET_NAME)";
				SWIFT_EMIT_LOC_STRINGS = YES;
				SWIFT_VERSION = 5.0;
				TARGETED_DEVICE_FAMILY = "1,2";
			};
			name = Release;
		};
		66CAB6642DB1B7B20044537F /* Debug */ = {
			isa = XCBuildConfiguration;
			buildSettings = {
				BUNDLE_LOADER = "$(TEST_HOST)";
				CODE_SIGN_STYLE = Automatic;
				CURRENT_PROJECT_VERSION = 1;
				GENERATE_INFOPLIST_FILE = YES;
				IPHONEOS_DEPLOYMENT_TARGET = 18.4;
				MARKETING_VERSION = 1.0;
				PRODUCT_BUNDLE_IDENTIFIER = "Tiago-Camargo.TiagoTTTests";
				PRODUCT_NAME = "$(TARGET_NAME)";
				SWIFT_EMIT_LOC_STRINGS = NO;
				SWIFT_VERSION = 5.0;
				TARGETED_DEVICE_FAMILY = "1,2";
				TEST_HOST = "$(BUILT_PRODUCTS_DIR)/TiagoTT.app/$(BUNDLE_EXECUTABLE_FOLDER_PATH)/TiagoTT";
			};
			name = Debug;
		};
		66CAB6652DB1B7B20044537F /* Release */ = {
			isa = XCBuildConfiguration;
			buildSettings = {
				BUNDLE_LOADER = "$(TEST_HOST)";
				CODE_SIGN_STYLE = Automatic;
				CURRENT_PROJECT_VERSION = 1;
				GENERATE_INFOPLIST_FILE = YES;
				IPHONEOS_DEPLOYMENT_TARGET = 18.4;
				MARKETING_VERSION = 1.0;
				PRODUCT_BUNDLE_IDENTIFIER = "Tiago-Camargo.TiagoTTTests";
				PRODUCT_NAME = "$(TARGET_NAME)";
				SWIFT_EMIT_LOC_STRINGS = NO;
				SWIFT_VERSION = 5.0;
				TARGETED_DEVICE_FAMILY = "1,2";
				TEST_HOST = "$(BUILT_PRODUCTS_DIR)/TiagoTT.app/$(BUNDLE_EXECUTABLE_FOLDER_PATH)/TiagoTT";
			};
			name = Release;
		};
		66CAB6672DB1B7B20044537F /* Debug */ = {
			isa = XCBuildConfiguration;
			buildSettings = {
				CODE_SIGN_STYLE = Automatic;
				CURRENT_PROJECT_VERSION = 1;
				GENERATE_INFOPLIST_FILE = YES;
				MARKETING_VERSION = 1.0;
				PRODUCT_BUNDLE_IDENTIFIER = "Tiago-Camargo.TiagoTTUITests";
				PRODUCT_NAME = "$(TARGET_NAME)";
				SWIFT_EMIT_LOC_STRINGS = NO;
				SWIFT_VERSION = 5.0;
				TARGETED_DEVICE_FAMILY = "1,2";
				TEST_TARGET_NAME = TiagoTT;
			};
			name = Debug;
		};
		66CAB6682DB1B7B20044537F /* Release */ = {
			isa = XCBuildConfiguration;
			buildSettings = {
				CODE_SIGN_STYLE = Automatic;
				CURRENT_PROJECT_VERSION = 1;
				GENERATE_INFOPLIST_FILE = YES;
				MARKETING_VERSION = 1.0;
				PRODUCT_BUNDLE_IDENTIFIER = "Tiago-Camargo.TiagoTTUITests";
				PRODUCT_NAME = "$(TARGET_NAME)";
				SWIFT_EMIT_LOC_STRINGS = NO;
				SWIFT_VERSION = 5.0;
				TARGETED_DEVICE_FAMILY = "1,2";
				TEST_TARGET_NAME = TiagoTT;
			};
			name = Release;
		};
/* End XCBuildConfiguration section */

/* Begin XCConfigurationList section */
		66CAB63A2DB1B7B10044537F /* Build configuration list for PBXProject "TiagoTT" */ = {
			isa = XCConfigurationList;
			buildConfigurations = (
				66CAB65E2DB1B7B20044537F /* Debug */,
				66CAB65F2DB1B7B20044537F /* Release */,
			);
			defaultConfigurationIsVisible = 0;
			defaultConfigurationName = Release;
		};
		66CAB6602DB1B7B20044537F /* Build configuration list for PBXNativeTarget "TiagoTT" */ = {
			isa = XCConfigurationList;
			buildConfigurations = (
				66CAB6612DB1B7B20044537F /* Debug */,
				66CAB6622DB1B7B20044537F /* Release */,
			);
			defaultConfigurationIsVisible = 0;
			defaultConfigurationName = Release;
		};
		66CAB6632DB1B7B20044537F /* Build configuration list for PBXNativeTarget "TiagoTTTests" */ = {
			isa = XCConfigurationList;
			buildConfigurations = (
				66CAB6642DB1B7B20044537F /* Debug */,
				66CAB6652DB1B7B20044537F /* Release */,
			);
			defaultConfigurationIsVisible = 0;
			defaultConfigurationName = Release;
		};
		66CAB6662DB1B7B20044537F /* Build configuration list for PBXNativeTarget "TiagoTTUITests" */ = {
			isa = XCConfigurationList;
			buildConfigurations = (
				66CAB6672DB1B7B20044537F /* Debug */,
				66CAB6682DB1B7B20044537F /* Release */,
			);
			defaultConfigurationIsVisible = 0;
			defaultConfigurationName = Release;
		};
/* End XCConfigurationList section */
	};
	rootObject = 66CAB6372DB1B7B10044537F /* Project object */;
}
